// !$*UTF8*$!
{
	archiveVersion = 1;
	classes = {
	};
	objectVersion = 51;
	objects = {

/* Begin PBXBuildFile section */
		3F4D5E8D22F17FB900BD4E1F /* SearchViewController.swift in Sources */ = {isa = PBXBuildFile; fileRef = 3F4D5E8C22F17FB900BD4E1F /* SearchViewController.swift */; };
		3F4D5E9122F181E900BD4E1F /* Video.swift in Sources */ = {isa = PBXBuildFile; fileRef = 3F4D5E9022F181E900BD4E1F /* Video.swift */; };
		3F4D5E9322F1882600BD4E1F /* YoutubeAPIManager.swift in Sources */ = {isa = PBXBuildFile; fileRef = 3F4D5E9222F1882600BD4E1F /* YoutubeAPIManager.swift */; };
		3F4D5E9722F2BB4200BD4E1F /* SearchVideoViewModel.swift in Sources */ = {isa = PBXBuildFile; fileRef = 3F4D5E9622F2BB4200BD4E1F /* SearchVideoViewModel.swift */; };
		3F535B9322F048A900F06EE9 /* AppDelegate.swift in Sources */ = {isa = PBXBuildFile; fileRef = 3F535B9222F048A900F06EE9 /* AppDelegate.swift */; };
		3F535B9822F048A900F06EE9 /* Main.storyboard in Resources */ = {isa = PBXBuildFile; fileRef = 3F535B9622F048A900F06EE9 /* Main.storyboard */; };
		3F535B9A22F048AA00F06EE9 /* Assets.xcassets in Resources */ = {isa = PBXBuildFile; fileRef = 3F535B9922F048AA00F06EE9 /* Assets.xcassets */; };
		3F535B9D22F048AA00F06EE9 /* LaunchScreen.storyboard in Resources */ = {isa = PBXBuildFile; fileRef = 3F535B9B22F048AA00F06EE9 /* LaunchScreen.storyboard */; };
		3F535BA822F048AA00F06EE9 /* MVVM_RxSwiftDemoTests.swift in Sources */ = {isa = PBXBuildFile; fileRef = 3F535BA722F048AA00F06EE9 /* MVVM_RxSwiftDemoTests.swift */; };
		3F535BB322F048AB00F06EE9 /* MVVM_RxSwiftDemoUITests.swift in Sources */ = {isa = PBXBuildFile; fileRef = 3F535BB222F048AB00F06EE9 /* MVVM_RxSwiftDemoUITests.swift */; };
		59866E1A908262B5AE8BE4C6 /* Pods_MVVM_RxSwiftDemo.framework in Frameworks */ = {isa = PBXBuildFile; fileRef = 0D18634DDCCDA4F5FBB1D29E /* Pods_MVVM_RxSwiftDemo.framework */; };
		8B07D29828E1727EB3CEF9A4 /* Pods_MVVM_RxSwiftDemoUITests.framework in Frameworks */ = {isa = PBXBuildFile; fileRef = 1871593D81FAD307AD72BCD7 /* Pods_MVVM_RxSwiftDemoUITests.framework */; };
		A04CC1519632B74C03E52FE3 /* Pods_MVVM_RxSwiftDemoTests.framework in Frameworks */ = {isa = PBXBuildFile; fileRef = C2525469B3B1238E01B6A261 /* Pods_MVVM_RxSwiftDemoTests.framework */; };
/* End PBXBuildFile section */

/* Begin PBXContainerItemProxy section */
		3F535BA422F048AA00F06EE9 /* PBXContainerItemProxy */ = {
			isa = PBXContainerItemProxy;
			containerPortal = 3F535B8722F048A900F06EE9 /* Project object */;
			proxyType = 1;
			remoteGlobalIDString = 3F535B8E22F048A900F06EE9;
			remoteInfo = "MVVM-RxSwiftDemo";
		};
		3F535BAF22F048AB00F06EE9 /* PBXContainerItemProxy */ = {
			isa = PBXContainerItemProxy;
			containerPortal = 3F535B8722F048A900F06EE9 /* Project object */;
			proxyType = 1;
			remoteGlobalIDString = 3F535B8E22F048A900F06EE9;
			remoteInfo = "MVVM-RxSwiftDemo";
		};
/* End PBXContainerItemProxy section */

/* Begin PBXFileReference section */
		0D18634DDCCDA4F5FBB1D29E /* Pods_MVVM_RxSwiftDemo.framework */ = {isa = PBXFileReference; explicitFileType = wrapper.framework; includeInIndex = 0; path = Pods_MVVM_RxSwiftDemo.framework; sourceTree = BUILT_PRODUCTS_DIR; };
		1871593D81FAD307AD72BCD7 /* Pods_MVVM_RxSwiftDemoUITests.framework */ = {isa = PBXFileReference; explicitFileType = wrapper.framework; includeInIndex = 0; path = Pods_MVVM_RxSwiftDemoUITests.framework; sourceTree = BUILT_PRODUCTS_DIR; };
		3F4D5E8C22F17FB900BD4E1F /* SearchViewController.swift */ = {isa = PBXFileReference; lastKnownFileType = sourcecode.swift; path = SearchViewController.swift; sourceTree = "<group>"; };
		3F4D5E9022F181E900BD4E1F /* Video.swift */ = {isa = PBXFileReference; lastKnownFileType = sourcecode.swift; path = Video.swift; sourceTree = "<group>"; };
		3F4D5E9222F1882600BD4E1F /* YoutubeAPIManager.swift */ = {isa = PBXFileReference; lastKnownFileType = sourcecode.swift; path = YoutubeAPIManager.swift; sourceTree = "<group>"; };
		3F4D5E9622F2BB4200BD4E1F /* SearchVideoViewModel.swift */ = {isa = PBXFileReference; lastKnownFileType = sourcecode.swift; path = SearchVideoViewModel.swift; sourceTree = "<group>"; };
		3F535B8F22F048A900F06EE9 /* MVVM-RxSwiftDemo.app */ = {isa = PBXFileReference; explicitFileType = wrapper.application; includeInIndex = 0; path = "MVVM-RxSwiftDemo.app"; sourceTree = BUILT_PRODUCTS_DIR; };
		3F535B9222F048A900F06EE9 /* AppDelegate.swift */ = {isa = PBXFileReference; lastKnownFileType = sourcecode.swift; path = AppDelegate.swift; sourceTree = "<group>"; };
		3F535B9722F048A900F06EE9 /* Base */ = {isa = PBXFileReference; lastKnownFileType = file.storyboard; name = Base; path = Base.lproj/Main.storyboard; sourceTree = "<group>"; };
		3F535B9922F048AA00F06EE9 /* Assets.xcassets */ = {isa = PBXFileReference; lastKnownFileType = folder.assetcatalog; path = Assets.xcassets; sourceTree = "<group>"; };
		3F535B9C22F048AA00F06EE9 /* Base */ = {isa = PBXFileReference; lastKnownFileType = file.storyboard; name = Base; path = Base.lproj/LaunchScreen.storyboard; sourceTree = "<group>"; };
		3F535B9E22F048AA00F06EE9 /* Info.plist */ = {isa = PBXFileReference; lastKnownFileType = text.plist.xml; path = Info.plist; sourceTree = "<group>"; };
		3F535BA322F048AA00F06EE9 /* MVVM-RxSwiftDemoTests.xctest */ = {isa = PBXFileReference; explicitFileType = wrapper.cfbundle; includeInIndex = 0; path = "MVVM-RxSwiftDemoTests.xctest"; sourceTree = BUILT_PRODUCTS_DIR; };
		3F535BA722F048AA00F06EE9 /* MVVM_RxSwiftDemoTests.swift */ = {isa = PBXFileReference; lastKnownFileType = sourcecode.swift; path = MVVM_RxSwiftDemoTests.swift; sourceTree = "<group>"; };
		3F535BA922F048AA00F06EE9 /* Info.plist */ = {isa = PBXFileReference; lastKnownFileType = text.plist.xml; path = Info.plist; sourceTree = "<group>"; };
		3F535BAE22F048AB00F06EE9 /* MVVM-RxSwiftDemoUITests.xctest */ = {isa = PBXFileReference; explicitFileType = wrapper.cfbundle; includeInIndex = 0; path = "MVVM-RxSwiftDemoUITests.xctest"; sourceTree = BUILT_PRODUCTS_DIR; };
		3F535BB222F048AB00F06EE9 /* MVVM_RxSwiftDemoUITests.swift */ = {isa = PBXFileReference; lastKnownFileType = sourcecode.swift; path = MVVM_RxSwiftDemoUITests.swift; sourceTree = "<group>"; };
		3F535BB422F048AB00F06EE9 /* Info.plist */ = {isa = PBXFileReference; lastKnownFileType = text.plist.xml; path = Info.plist; sourceTree = "<group>"; };
		492FEFC63E83C4F5F20EF8DB /* Pods-MVVM-RxSwiftDemoTests.debug.xcconfig */ = {isa = PBXFileReference; includeInIndex = 1; lastKnownFileType = text.xcconfig; name = "Pods-MVVM-RxSwiftDemoTests.debug.xcconfig"; path = "Target Support Files/Pods-MVVM-RxSwiftDemoTests/Pods-MVVM-RxSwiftDemoTests.debug.xcconfig"; sourceTree = "<group>"; };
		70EF29725305D4CB35F2D1F4 /* Pods-MVVM-RxSwiftDemoUITests.debug.xcconfig */ = {isa = PBXFileReference; includeInIndex = 1; lastKnownFileType = text.xcconfig; name = "Pods-MVVM-RxSwiftDemoUITests.debug.xcconfig"; path = "Target Support Files/Pods-MVVM-RxSwiftDemoUITests/Pods-MVVM-RxSwiftDemoUITests.debug.xcconfig"; sourceTree = "<group>"; };
		A6B533045975199739E53799 /* Pods-MVVM-RxSwiftDemo.release.xcconfig */ = {isa = PBXFileReference; includeInIndex = 1; lastKnownFileType = text.xcconfig; name = "Pods-MVVM-RxSwiftDemo.release.xcconfig"; path = "Target Support Files/Pods-MVVM-RxSwiftDemo/Pods-MVVM-RxSwiftDemo.release.xcconfig"; sourceTree = "<group>"; };
		C2525469B3B1238E01B6A261 /* Pods_MVVM_RxSwiftDemoTests.framework */ = {isa = PBXFileReference; explicitFileType = wrapper.framework; includeInIndex = 0; path = Pods_MVVM_RxSwiftDemoTests.framework; sourceTree = BUILT_PRODUCTS_DIR; };
		D013D81CE9571DA71379C0AC /* Pods-MVVM-RxSwiftDemo.debug.xcconfig */ = {isa = PBXFileReference; includeInIndex = 1; lastKnownFileType = text.xcconfig; name = "Pods-MVVM-RxSwiftDemo.debug.xcconfig"; path = "Target Support Files/Pods-MVVM-RxSwiftDemo/Pods-MVVM-RxSwiftDemo.debug.xcconfig"; sourceTree = "<group>"; };
		FA69505F126764716C0DF53C /* Pods-MVVM-RxSwiftDemoTests.release.xcconfig */ = {isa = PBXFileReference; includeInIndex = 1; lastKnownFileType = text.xcconfig; name = "Pods-MVVM-RxSwiftDemoTests.release.xcconfig"; path = "Target Support Files/Pods-MVVM-RxSwiftDemoTests/Pods-MVVM-RxSwiftDemoTests.release.xcconfig"; sourceTree = "<group>"; };
		FB42E08F68AC7CCF5A3B2474 /* Pods-MVVM-RxSwiftDemoUITests.release.xcconfig */ = {isa = PBXFileReference; includeInIndex = 1; lastKnownFileType = text.xcconfig; name = "Pods-MVVM-RxSwiftDemoUITests.release.xcconfig"; path = "Target Support Files/Pods-MVVM-RxSwiftDemoUITests/Pods-MVVM-RxSwiftDemoUITests.release.xcconfig"; sourceTree = "<group>"; };
/* End PBXFileReference section */

/* Begin PBXFrameworksBuildPhase section */
		3F535B8C22F048A900F06EE9 /* Frameworks */ = {
			isa = PBXFrameworksBuildPhase;
			buildActionMask = 2147483647;
			files = (
				59866E1A908262B5AE8BE4C6 /* Pods_MVVM_RxSwiftDemo.framework in Frameworks */,
			);
			runOnlyForDeploymentPostprocessing = 0;
		};
		3F535BA022F048AA00F06EE9 /* Frameworks */ = {
			isa = PBXFrameworksBuildPhase;
			buildActionMask = 2147483647;
			files = (
				A04CC1519632B74C03E52FE3 /* Pods_MVVM_RxSwiftDemoTests.framework in Frameworks */,
			);
			runOnlyForDeploymentPostprocessing = 0;
		};
		3F535BAB22F048AB00F06EE9 /* Frameworks */ = {
			isa = PBXFrameworksBuildPhase;
			buildActionMask = 2147483647;
			files = (
				8B07D29828E1727EB3CEF9A4 /* Pods_MVVM_RxSwiftDemoUITests.framework in Frameworks */,
			);
			runOnlyForDeploymentPostprocessing = 0;
		};
/* End PBXFrameworksBuildPhase section */

/* Begin PBXGroup section */
		3F4D5E8422F1704F00BD4E1F /* Features */ = {
			isa = PBXGroup;
			children = (
				3F4D5E8622F1705F00BD4E1F /* Search */,
			);
			path = Features;
			sourceTree = "<group>";
		};
		3F4D5E8622F1705F00BD4E1F /* Search */ = {
			isa = PBXGroup;
			children = (
				3F4D5E8C22F17FB900BD4E1F /* SearchViewController.swift */,
				3F4D5E9622F2BB4200BD4E1F /* SearchVideoViewModel.swift */,
			);
			path = Search;
			sourceTree = "<group>";
		};
		3F4D5E8E22F17FBE00BD4E1F /* Helper */ = {
			isa = PBXGroup;
			children = (
				3F4D5E9222F1882600BD4E1F /* YoutubeAPIManager.swift */,
			);
			path = Helper;
			sourceTree = "<group>";
		};
		3F4D5E8F22F17FFD00BD4E1F /* Model */ = {
			isa = PBXGroup;
			children = (
				3F4D5E9022F181E900BD4E1F /* Video.swift */,
			);
			path = Model;
			sourceTree = "<group>";
		};
		3F535B8622F048A900F06EE9 = {
			isa = PBXGroup;
			children = (
				3F535B9122F048A900F06EE9 /* MVVM-RxSwiftDemo */,
				3F535BA622F048AA00F06EE9 /* MVVM-RxSwiftDemoTests */,
				3F535BB122F048AB00F06EE9 /* MVVM-RxSwiftDemoUITests */,
				3F535B9022F048A900F06EE9 /* Products */,
				A5775DA0A01D4BF75E6EDE10 /* Pods */,
				BCCC04FB00C2EA5033090C72 /* Frameworks */,
			);
			sourceTree = "<group>";
		};
		3F535B9022F048A900F06EE9 /* Products */ = {
			isa = PBXGroup;
			children = (
				3F535B8F22F048A900F06EE9 /* MVVM-RxSwiftDemo.app */,
				3F535BA322F048AA00F06EE9 /* MVVM-RxSwiftDemoTests.xctest */,
				3F535BAE22F048AB00F06EE9 /* MVVM-RxSwiftDemoUITests.xctest */,
			);
			name = Products;
			sourceTree = "<group>";
		};
		3F535B9122F048A900F06EE9 /* MVVM-RxSwiftDemo */ = {
			isa = PBXGroup;
			children = (
				3F4D5E8422F1704F00BD4E1F /* Features */,
				3F4D5E8E22F17FBE00BD4E1F /* Helper */,
				3F4D5E8F22F17FFD00BD4E1F /* Model */,
				3F535B9222F048A900F06EE9 /* AppDelegate.swift */,
				3F535B9922F048AA00F06EE9 /* Assets.xcassets */,
				3F535B9E22F048AA00F06EE9 /* Info.plist */,
				3F535B9B22F048AA00F06EE9 /* LaunchScreen.storyboard */,
				3F535B9622F048A900F06EE9 /* Main.storyboard */,
			);
			path = "MVVM-RxSwiftDemo";
			sourceTree = "<group>";
		};
		3F535BA622F048AA00F06EE9 /* MVVM-RxSwiftDemoTests */ = {
			isa = PBXGroup;
			children = (
				3F535BA722F048AA00F06EE9 /* MVVM_RxSwiftDemoTests.swift */,
				3F535BA922F048AA00F06EE9 /* Info.plist */,
			);
			path = "MVVM-RxSwiftDemoTests";
			sourceTree = "<group>";
		};
		3F535BB122F048AB00F06EE9 /* MVVM-RxSwiftDemoUITests */ = {
			isa = PBXGroup;
			children = (
				3F535BB222F048AB00F06EE9 /* MVVM_RxSwiftDemoUITests.swift */,
				3F535BB422F048AB00F06EE9 /* Info.plist */,
			);
			path = "MVVM-RxSwiftDemoUITests";
			sourceTree = "<group>";
		};
		A5775DA0A01D4BF75E6EDE10 /* Pods */ = {
			isa = PBXGroup;
			children = (
				D013D81CE9571DA71379C0AC /* Pods-MVVM-RxSwiftDemo.debug.xcconfig */,
				A6B533045975199739E53799 /* Pods-MVVM-RxSwiftDemo.release.xcconfig */,
				492FEFC63E83C4F5F20EF8DB /* Pods-MVVM-RxSwiftDemoTests.debug.xcconfig */,
				FA69505F126764716C0DF53C /* Pods-MVVM-RxSwiftDemoTests.release.xcconfig */,
				70EF29725305D4CB35F2D1F4 /* Pods-MVVM-RxSwiftDemoUITests.debug.xcconfig */,
				FB42E08F68AC7CCF5A3B2474 /* Pods-MVVM-RxSwiftDemoUITests.release.xcconfig */,
			);
			path = Pods;
			sourceTree = "<group>";
		};
		BCCC04FB00C2EA5033090C72 /* Frameworks */ = {
			isa = PBXGroup;
			children = (
				0D18634DDCCDA4F5FBB1D29E /* Pods_MVVM_RxSwiftDemo.framework */,
				C2525469B3B1238E01B6A261 /* Pods_MVVM_RxSwiftDemoTests.framework */,
				1871593D81FAD307AD72BCD7 /* Pods_MVVM_RxSwiftDemoUITests.framework */,
			);
			name = Frameworks;
			sourceTree = "<group>";
		};
/* End PBXGroup section */

/* Begin PBXNativeTarget section */
		3F535B8E22F048A900F06EE9 /* MVVM-RxSwiftDemo */ = {
			isa = PBXNativeTarget;
			buildConfigurationList = 3F535BB722F048AB00F06EE9 /* Build configuration list for PBXNativeTarget "MVVM-RxSwiftDemo" */;
			buildPhases = (
				299C166370A31295170B529C /* [CP] Check Pods Manifest.lock */,
				3F535B8B22F048A900F06EE9 /* Sources */,
				3F535B8C22F048A900F06EE9 /* Frameworks */,
				3F535B8D22F048A900F06EE9 /* Resources */,
				1ABD62AEF3FA2B2CFCD700C2 /* [CP] Embed Pods Frameworks */,
			);
			buildRules = (
			);
			dependencies = (
			);
			name = "MVVM-RxSwiftDemo";
			productName = "MVVM-RxSwiftDemo";
			productReference = 3F535B8F22F048A900F06EE9 /* MVVM-RxSwiftDemo.app */;
			productType = "com.apple.product-type.application";
		};
		3F535BA222F048AA00F06EE9 /* MVVM-RxSwiftDemoTests */ = {
			isa = PBXNativeTarget;
			buildConfigurationList = 3F535BBA22F048AB00F06EE9 /* Build configuration list for PBXNativeTarget "MVVM-RxSwiftDemoTests" */;
			buildPhases = (
				4C23FA85092D3FDB6CF28E0E /* [CP] Check Pods Manifest.lock */,
				3F535B9F22F048AA00F06EE9 /* Sources */,
				3F535BA022F048AA00F06EE9 /* Frameworks */,
				3F535BA122F048AA00F06EE9 /* Resources */,
			);
			buildRules = (
			);
			dependencies = (
				3F535BA522F048AA00F06EE9 /* PBXTargetDependency */,
			);
			name = "MVVM-RxSwiftDemoTests";
			productName = "MVVM-RxSwiftDemoTests";
			productReference = 3F535BA322F048AA00F06EE9 /* MVVM-RxSwiftDemoTests.xctest */;
			productType = "com.apple.product-type.bundle.unit-test";
		};
		3F535BAD22F048AB00F06EE9 /* MVVM-RxSwiftDemoUITests */ = {
			isa = PBXNativeTarget;
			buildConfigurationList = 3F535BBD22F048AB00F06EE9 /* Build configuration list for PBXNativeTarget "MVVM-RxSwiftDemoUITests" */;
			buildPhases = (
				788F4C8FF935BD8C75BBA23B /* [CP] Check Pods Manifest.lock */,
				3F535BAA22F048AB00F06EE9 /* Sources */,
				3F535BAB22F048AB00F06EE9 /* Frameworks */,
				3F535BAC22F048AB00F06EE9 /* Resources */,
			);
			buildRules = (
			);
			dependencies = (
				3F535BB022F048AB00F06EE9 /* PBXTargetDependency */,
			);
			name = "MVVM-RxSwiftDemoUITests";
			productName = "MVVM-RxSwiftDemoUITests";
			productReference = 3F535BAE22F048AB00F06EE9 /* MVVM-RxSwiftDemoUITests.xctest */;
			productType = "com.apple.product-type.bundle.ui-testing";
		};
/* End PBXNativeTarget section */

/* Begin PBXProject section */
		3F535B8722F048A900F06EE9 /* Project object */ = {
			isa = PBXProject;
			attributes = {
				LastSwiftUpdateCheck = 1020;
				LastUpgradeCheck = 1020;
				ORGANIZATIONNAME = "Tin Phan Thanh";
				TargetAttributes = {
					3F535B8E22F048A900F06EE9 = {
						CreatedOnToolsVersion = 10.2;
					};
					3F535BA222F048AA00F06EE9 = {
						CreatedOnToolsVersion = 10.2;
						TestTargetID = 3F535B8E22F048A900F06EE9;
					};
					3F535BAD22F048AB00F06EE9 = {
						CreatedOnToolsVersion = 10.2;
						TestTargetID = 3F535B8E22F048A900F06EE9;
					};
				};
			};
			buildConfigurationList = 3F535B8A22F048A900F06EE9 /* Build configuration list for PBXProject "MVVM-RxSwiftDemo" */;
			compatibilityVersion = "Xcode 9.3";
			developmentRegion = en;
			hasScannedForEncodings = 0;
			knownRegions = (
				en,
				Base,
			);
			mainGroup = 3F535B8622F048A900F06EE9;
			productRefGroup = 3F535B9022F048A900F06EE9 /* Products */;
			projectDirPath = "";
			projectRoot = "";
			targets = (
				3F535B8E22F048A900F06EE9 /* MVVM-RxSwiftDemo */,
				3F535BA222F048AA00F06EE9 /* MVVM-RxSwiftDemoTests */,
				3F535BAD22F048AB00F06EE9 /* MVVM-RxSwiftDemoUITests */,
			);
		};
/* End PBXProject section */

/* Begin PBXResourcesBuildPhase section */
		3F535B8D22F048A900F06EE9 /* Resources */ = {
			isa = PBXResourcesBuildPhase;
			buildActionMask = 2147483647;
			files = (
				3F535B9D22F048AA00F06EE9 /* LaunchScreen.storyboard in Resources */,
				3F535B9A22F048AA00F06EE9 /* Assets.xcassets in Resources */,
				3F535B9822F048A900F06EE9 /* Main.storyboard in Resources */,
			);
			runOnlyForDeploymentPostprocessing = 0;
		};
		3F535BA122F048AA00F06EE9 /* Resources */ = {
			isa = PBXResourcesBuildPhase;
			buildActionMask = 2147483647;
			files = (
			);
			runOnlyForDeploymentPostprocessing = 0;
		};
		3F535BAC22F048AB00F06EE9 /* Resources */ = {
			isa = PBXResourcesBuildPhase;
			buildActionMask = 2147483647;
			files = (
			);
			runOnlyForDeploymentPostprocessing = 0;
		};
/* End PBXResourcesBuildPhase section */

/* Begin PBXShellScriptBuildPhase section */
		1ABD62AEF3FA2B2CFCD700C2 /* [CP] Embed Pods Frameworks */ = {
			isa = PBXShellScriptBuildPhase;
			buildActionMask = 2147483647;
			files = (
			);
			inputFileListPaths = (
				"${PODS_ROOT}/Target Support Files/Pods-MVVM-RxSwiftDemo/Pods-MVVM-RxSwiftDemo-frameworks-${CONFIGURATION}-input-files.xcfilelist",
			);
			name = "[CP] Embed Pods Frameworks";
			outputFileListPaths = (
				"${PODS_ROOT}/Target Support Files/Pods-MVVM-RxSwiftDemo/Pods-MVVM-RxSwiftDemo-frameworks-${CONFIGURATION}-output-files.xcfilelist",
			);
			runOnlyForDeploymentPostprocessing = 0;
			shellPath = /bin/sh;
			shellScript = "\"${PODS_ROOT}/Target Support Files/Pods-MVVM-RxSwiftDemo/Pods-MVVM-RxSwiftDemo-frameworks.sh\"\n";
			showEnvVarsInLog = 0;
		};
		299C166370A31295170B529C /* [CP] Check Pods Manifest.lock */ = {
			isa = PBXShellScriptBuildPhase;
			buildActionMask = 2147483647;
			files = (
			);
			inputFileListPaths = (
			);
			inputPaths = (
				"${PODS_PODFILE_DIR_PATH}/Podfile.lock",
				"${PODS_ROOT}/Manifest.lock",
			);
			name = "[CP] Check Pods Manifest.lock";
			outputFileListPaths = (
			);
			outputPaths = (
				"$(DERIVED_FILE_DIR)/Pods-MVVM-RxSwiftDemo-checkManifestLockResult.txt",
			);
			runOnlyForDeploymentPostprocessing = 0;
			shellPath = /bin/sh;
			shellScript = "diff \"${PODS_PODFILE_DIR_PATH}/Podfile.lock\" \"${PODS_ROOT}/Manifest.lock\" > /dev/null\nif [ $? != 0 ] ; then\n    # print error to STDERR\n    echo \"error: The sandbox is not in sync with the Podfile.lock. Run 'pod install' or update your CocoaPods installation.\" >&2\n    exit 1\nfi\n# This output is used by Xcode 'outputs' to avoid re-running this script phase.\necho \"SUCCESS\" > \"${SCRIPT_OUTPUT_FILE_0}\"\n";
			showEnvVarsInLog = 0;
		};
		4C23FA85092D3FDB6CF28E0E /* [CP] Check Pods Manifest.lock */ = {
			isa = PBXShellScriptBuildPhase;
			buildActionMask = 2147483647;
			files = (
			);
			inputFileListPaths = (
			);
			inputPaths = (
				"${PODS_PODFILE_DIR_PATH}/Podfile.lock",
				"${PODS_ROOT}/Manifest.lock",
			);
			name = "[CP] Check Pods Manifest.lock";
			outputFileListPaths = (
			);
			outputPaths = (
				"$(DERIVED_FILE_DIR)/Pods-MVVM-RxSwiftDemoTests-checkManifestLockResult.txt",
			);
			runOnlyForDeploymentPostprocessing = 0;
			shellPath = /bin/sh;
			shellScript = "diff \"${PODS_PODFILE_DIR_PATH}/Podfile.lock\" \"${PODS_ROOT}/Manifest.lock\" > /dev/null\nif [ $? != 0 ] ; then\n    # print error to STDERR\n    echo \"error: The sandbox is not in sync with the Podfile.lock. Run 'pod install' or update your CocoaPods installation.\" >&2\n    exit 1\nfi\n# This output is used by Xcode 'outputs' to avoid re-running this script phase.\necho \"SUCCESS\" > \"${SCRIPT_OUTPUT_FILE_0}\"\n";
			showEnvVarsInLog = 0;
		};
		788F4C8FF935BD8C75BBA23B /* [CP] Check Pods Manifest.lock */ = {
			isa = PBXShellScriptBuildPhase;
			buildActionMask = 2147483647;
			files = (
			);
			inputFileListPaths = (
			);
			inputPaths = (
				"${PODS_PODFILE_DIR_PATH}/Podfile.lock",
				"${PODS_ROOT}/Manifest.lock",
			);
			name = "[CP] Check Pods Manifest.lock";
			outputFileListPaths = (
			);
			outputPaths = (
				"$(DERIVED_FILE_DIR)/Pods-MVVM-RxSwiftDemoUITests-checkManifestLockResult.txt",
			);
			runOnlyForDeploymentPostprocessing = 0;
			shellPath = /bin/sh;
			shellScript = "diff \"${PODS_PODFILE_DIR_PATH}/Podfile.lock\" \"${PODS_ROOT}/Manifest.lock\" > /dev/null\nif [ $? != 0 ] ; then\n    # print error to STDERR\n    echo \"error: The sandbox is not in sync with the Podfile.lock. Run 'pod install' or update your CocoaPods installation.\" >&2\n    exit 1\nfi\n# This output is used by Xcode 'outputs' to avoid re-running this script phase.\necho \"SUCCESS\" > \"${SCRIPT_OUTPUT_FILE_0}\"\n";
			showEnvVarsInLog = 0;
		};
/* End PBXShellScriptBuildPhase section */

/* Begin PBXSourcesBuildPhase section */
		3F535B8B22F048A900F06EE9 /* Sources */ = {
			isa = PBXSourcesBuildPhase;
			buildActionMask = 2147483647;
			files = (
				3F4D5E8D22F17FB900BD4E1F /* SearchViewController.swift in Sources */,
				3F4D5E9122F181E900BD4E1F /* Video.swift in Sources */,
				3F535B9322F048A900F06EE9 /* AppDelegate.swift in Sources */,
				3F4D5E9322F1882600BD4E1F /* YoutubeAPIManager.swift in Sources */,
				3F4D5E9722F2BB4200BD4E1F /* SearchVideoViewModel.swift in Sources */,
			);
			runOnlyForDeploymentPostprocessing = 0;
		};
		3F535B9F22F048AA00F06EE9 /* Sources */ = {
			isa = PBXSourcesBuildPhase;
			buildActionMask = 2147483647;
			files = (
				3F535BA822F048AA00F06EE9 /* MVVM_RxSwiftDemoTests.swift in Sources */,
			);
			runOnlyForDeploymentPostprocessing = 0;
		};
		3F535BAA22F048AB00F06EE9 /* Sources */ = {
			isa = PBXSourcesBuildPhase;
			buildActionMask = 2147483647;
			files = (
				3F535BB322F048AB00F06EE9 /* MVVM_RxSwiftDemoUITests.swift in Sources */,
			);
			runOnlyForDeploymentPostprocessing = 0;
		};
/* End PBXSourcesBuildPhase section */

/* Begin PBXTargetDependency section */
		3F535BA522F048AA00F06EE9 /* PBXTargetDependency */ = {
			isa = PBXTargetDependency;
			target = 3F535B8E22F048A900F06EE9 /* MVVM-RxSwiftDemo */;
			targetProxy = 3F535BA422F048AA00F06EE9 /* PBXContainerItemProxy */;
		};
		3F535BB022F048AB00F06EE9 /* PBXTargetDependency */ = {
			isa = PBXTargetDependency;
			target = 3F535B8E22F048A900F06EE9 /* MVVM-RxSwiftDemo */;
			targetProxy = 3F535BAF22F048AB00F06EE9 /* PBXContainerItemProxy */;
		};
/* End PBXTargetDependency section */

/* Begin PBXVariantGroup section */
		3F535B9622F048A900F06EE9 /* Main.storyboard */ = {
			isa = PBXVariantGroup;
			children = (
				3F535B9722F048A900F06EE9 /* Base */,
			);
			name = Main.storyboard;
			sourceTree = "<group>";
		};
		3F535B9B22F048AA00F06EE9 /* LaunchScreen.storyboard */ = {
			isa = PBXVariantGroup;
			children = (
				3F535B9C22F048AA00F06EE9 /* Base */,
			);
			name = LaunchScreen.storyboard;
			sourceTree = "<group>";
		};
/* End PBXVariantGroup section */

/* Begin XCBuildConfiguration section */
		3F535BB522F048AB00F06EE9 /* Debug */ = {
			isa = XCBuildConfiguration;
			buildSettings = {
				ALWAYS_SEARCH_USER_PATHS = NO;
				CLANG_ANALYZER_NONNULL = YES;
				CLANG_ANALYZER_NUMBER_OBJECT_CONVERSION = YES_AGGRESSIVE;
				CLANG_CXX_LANGUAGE_STANDARD = "gnu++14";
				CLANG_CXX_LIBRARY = "libc++";
				CLANG_ENABLE_MODULES = YES;
				CLANG_ENABLE_OBJC_ARC = YES;
				CLANG_ENABLE_OBJC_WEAK = YES;
				CLANG_WARN_BLOCK_CAPTURE_AUTORELEASING = YES;
				CLANG_WARN_BOOL_CONVERSION = YES;
				CLANG_WARN_COMMA = YES;
				CLANG_WARN_CONSTANT_CONVERSION = YES;
				CLANG_WARN_DEPRECATED_OBJC_IMPLEMENTATIONS = YES;
				CLANG_WARN_DIRECT_OBJC_ISA_USAGE = YES_ERROR;
				CLANG_WARN_DOCUMENTATION_COMMENTS = YES;
				CLANG_WARN_EMPTY_BODY = YES;
				CLANG_WARN_ENUM_CONVERSION = YES;
				CLANG_WARN_INFINITE_RECURSION = YES;
				CLANG_WARN_INT_CONVERSION = YES;
				CLANG_WARN_NON_LITERAL_NULL_CONVERSION = YES;
				CLANG_WARN_OBJC_IMPLICIT_RETAIN_SELF = YES;
				CLANG_WARN_OBJC_LITERAL_CONVERSION = YES;
				CLANG_WARN_OBJC_ROOT_CLASS = YES_ERROR;
				CLANG_WARN_RANGE_LOOP_ANALYSIS = YES;
				CLANG_WARN_STRICT_PROTOTYPES = YES;
				CLANG_WARN_SUSPICIOUS_MOVE = YES;
				CLANG_WARN_UNGUARDED_AVAILABILITY = YES_AGGRESSIVE;
				CLANG_WARN_UNREACHABLE_CODE = YES;
				CLANG_WARN__DUPLICATE_METHOD_MATCH = YES;
				CODE_SIGN_IDENTITY = "iPhone Developer";
				COPY_PHASE_STRIP = NO;
				DEBUG_INFORMATION_FORMAT = dwarf;
				ENABLE_STRICT_OBJC_MSGSEND = YES;
				ENABLE_TESTABILITY = YES;
				GCC_C_LANGUAGE_STANDARD = gnu11;
				GCC_DYNAMIC_NO_PIC = NO;
				GCC_NO_COMMON_BLOCKS = YES;
				GCC_OPTIMIZATION_LEVEL = 0;
				GCC_PREPROCESSOR_DEFINITIONS = (
					"DEBUG=1",
					"$(inherited)",
				);
				GCC_WARN_64_TO_32_BIT_CONVERSION = YES;
				GCC_WARN_ABOUT_RETURN_TYPE = YES_ERROR;
				GCC_WARN_UNDECLARED_SELECTOR = YES;
				GCC_WARN_UNINITIALIZED_AUTOS = YES_AGGRESSIVE;
				GCC_WARN_UNUSED_FUNCTION = YES;
				GCC_WARN_UNUSED_VARIABLE = YES;
				IPHONEOS_DEPLOYMENT_TARGET = 12.2;
				MTL_ENABLE_DEBUG_INFO = INCLUDE_SOURCE;
				MTL_FAST_MATH = YES;
				ONLY_ACTIVE_ARCH = YES;
				SDKROOT = iphoneos;
				SWIFT_ACTIVE_COMPILATION_CONDITIONS = DEBUG;
				SWIFT_OPTIMIZATION_LEVEL = "-Onone";
			};
			name = Debug;
		};
		3F535BB622F048AB00F06EE9 /* Release */ = {
			isa = XCBuildConfiguration;
			buildSettings = {
				ALWAYS_SEARCH_USER_PATHS = NO;
				CLANG_ANALYZER_NONNULL = YES;
				CLANG_ANALYZER_NUMBER_OBJECT_CONVERSION = YES_AGGRESSIVE;
				CLANG_CXX_LANGUAGE_STANDARD = "gnu++14";
				CLANG_CXX_LIBRARY = "libc++";
				CLANG_ENABLE_MODULES = YES;
				CLANG_ENABLE_OBJC_ARC = YES;
				CLANG_ENABLE_OBJC_WEAK = YES;
				CLANG_WARN_BLOCK_CAPTURE_AUTORELEASING = YES;
				CLANG_WARN_BOOL_CONVERSION = YES;
				CLANG_WARN_COMMA = YES;
				CLANG_WARN_CONSTANT_CONVERSION = YES;
				CLANG_WARN_DEPRECATED_OBJC_IMPLEMENTATIONS = YES;
				CLANG_WARN_DIRECT_OBJC_ISA_USAGE = YES_ERROR;
				CLANG_WARN_DOCUMENTATION_COMMENTS = YES;
				CLANG_WARN_EMPTY_BODY = YES;
				CLANG_WARN_ENUM_CONVERSION = YES;
				CLANG_WARN_INFINITE_RECURSION = YES;
				CLANG_WARN_INT_CONVERSION = YES;
				CLANG_WARN_NON_LITERAL_NULL_CONVERSION = YES;
				CLANG_WARN_OBJC_IMPLICIT_RETAIN_SELF = YES;
				CLANG_WARN_OBJC_LITERAL_CONVERSION = YES;
				CLANG_WARN_OBJC_ROOT_CLASS = YES_ERROR;
				CLANG_WARN_RANGE_LOOP_ANALYSIS = YES;
				CLANG_WARN_STRICT_PROTOTYPES = YES;
				CLANG_WARN_SUSPICIOUS_MOVE = YES;
				CLANG_WARN_UNGUARDED_AVAILABILITY = YES_AGGRESSIVE;
				CLANG_WARN_UNREACHABLE_CODE = YES;
				CLANG_WARN__DUPLICATE_METHOD_MATCH = YES;
				CODE_SIGN_IDENTITY = "iPhone Developer";
				COPY_PHASE_STRIP = NO;
				DEBUG_INFORMATION_FORMAT = "dwarf-with-dsym";
				ENABLE_NS_ASSERTIONS = NO;
				ENABLE_STRICT_OBJC_MSGSEND = YES;
				GCC_C_LANGUAGE_STANDARD = gnu11;
				GCC_NO_COMMON_BLOCKS = YES;
				GCC_WARN_64_TO_32_BIT_CONVERSION = YES;
				GCC_WARN_ABOUT_RETURN_TYPE = YES_ERROR;
				GCC_WARN_UNDECLARED_SELECTOR = YES;
				GCC_WARN_UNINITIALIZED_AUTOS = YES_AGGRESSIVE;
				GCC_WARN_UNUSED_FUNCTION = YES;
				GCC_WARN_UNUSED_VARIABLE = YES;
				IPHONEOS_DEPLOYMENT_TARGET = 12.2;
				MTL_ENABLE_DEBUG_INFO = NO;
				MTL_FAST_MATH = YES;
				SDKROOT = iphoneos;
				SWIFT_COMPILATION_MODE = wholemodule;
				SWIFT_OPTIMIZATION_LEVEL = "-O";
				VALIDATE_PRODUCT = YES;
			};
			name = Release;
		};
		3F535BB822F048AB00F06EE9 /* Debug */ = {
			isa = XCBuildConfiguration;
			baseConfigurationReference = D013D81CE9571DA71379C0AC /* Pods-MVVM-RxSwiftDemo.debug.xcconfig */;
			buildSettings = {
				ASSETCATALOG_COMPILER_APPICON_NAME = AppIcon;
				CODE_SIGN_STYLE = Automatic;
				INFOPLIST_FILE = "MVVM-RxSwiftDemo/Info.plist";
				LD_RUNPATH_SEARCH_PATHS = (
					"$(inherited)",
					"@executable_path/Frameworks",
				);
				PRODUCT_BUNDLE_IDENTIFIER = com.tin.rxswiftdemo;
				PRODUCT_NAME = "$(TARGET_NAME)";
				SWIFT_VERSION = 5.0;
				TARGETED_DEVICE_FAMILY = "1,2";
			};
			name = Debug;
		};
		3F535BB922F048AB00F06EE9 /* Release */ = {
			isa = XCBuildConfiguration;
			baseConfigurationReference = A6B533045975199739E53799 /* Pods-MVVM-RxSwiftDemo.release.xcconfig */;
			buildSettings = {
				ASSETCATALOG_COMPILER_APPICON_NAME = AppIcon;
				CODE_SIGN_STYLE = Automatic;
				INFOPLIST_FILE = "MVVM-RxSwiftDemo/Info.plist";
				LD_RUNPATH_SEARCH_PATHS = (
					"$(inherited)",
					"@executable_path/Frameworks",
				);
				PRODUCT_BUNDLE_IDENTIFIER = com.tin.rxswiftdemo;
				PRODUCT_NAME = "$(TARGET_NAME)";
				SWIFT_VERSION = 5.0;
				TARGETED_DEVICE_FAMILY = "1,2";
			};
			name = Release;
		};
		3F535BBB22F048AB00F06EE9 /* Debug */ = {
			isa = XCBuildConfiguration;
			baseConfigurationReference = 492FEFC63E83C4F5F20EF8DB /* Pods-MVVM-RxSwiftDemoTests.debug.xcconfig */;
			buildSettings = {
				ALWAYS_EMBED_SWIFT_STANDARD_LIBRARIES = YES;
				BUNDLE_LOADER = "$(TEST_HOST)";
				CODE_SIGN_STYLE = Automatic;
				INFOPLIST_FILE = "MVVM-RxSwiftDemoTests/Info.plist";
				LD_RUNPATH_SEARCH_PATHS = (
					"$(inherited)",
					"@executable_path/Frameworks",
					"@loader_path/Frameworks",
				);
				PRODUCT_BUNDLE_IDENTIFIER = "tin.MVVM-RxSwiftDemoTests";
				PRODUCT_NAME = "$(TARGET_NAME)";
				SWIFT_VERSION = 5.0;
				TARGETED_DEVICE_FAMILY = "1,2";
				TEST_HOST = "$(BUILT_PRODUCTS_DIR)/MVVM-RxSwiftDemo.app/MVVM-RxSwiftDemo";
			};
			name = Debug;
		};
		3F535BBC22F048AB00F06EE9 /* Release */ = {
			isa = XCBuildConfiguration;
			baseConfigurationReference = FA69505F126764716C0DF53C /* Pods-MVVM-RxSwiftDemoTests.release.xcconfig */;
			buildSettings = {
				ALWAYS_EMBED_SWIFT_STANDARD_LIBRARIES = YES;
				BUNDLE_LOADER = "$(TEST_HOST)";
				CODE_SIGN_STYLE = Automatic;
				INFOPLIST_FILE = "MVVM-RxSwiftDemoTests/Info.plist";
				LD_RUNPATH_SEARCH_PATHS = (
					"$(inherited)",
					"@executable_path/Frameworks",
					"@loader_path/Frameworks",
				);
				PRODUCT_BUNDLE_IDENTIFIER = "tin.MVVM-RxSwiftDemoTests";
				PRODUCT_NAME = "$(TARGET_NAME)";
				SWIFT_VERSION = 5.0;
				TARGETED_DEVICE_FAMILY = "1,2";
				TEST_HOST = "$(BUILT_PRODUCTS_DIR)/MVVM-RxSwiftDemo.app/MVVM-RxSwiftDemo";
			};
			name = Release;
		};
		3F535BBE22F048AB00F06EE9 /* Debug */ = {
			isa = XCBuildConfiguration;
			baseConfigurationReference = 70EF29725305D4CB35F2D1F4 /* Pods-MVVM-RxSwiftDemoUITests.debug.xcconfig */;
			buildSettings = {
				ALWAYS_EMBED_SWIFT_STANDARD_LIBRARIES = YES;
				CODE_SIGN_STYLE = Automatic;
				INFOPLIST_FILE = "MVVM-RxSwiftDemoUITests/Info.plist";
				LD_RUNPATH_SEARCH_PATHS = (
					"$(inherited)",
					"@executable_path/Frameworks",
					"@loader_path/Frameworks",
				);
				PRODUCT_BUNDLE_IDENTIFIER = "tin.MVVM-RxSwiftDemoUITests";
				PRODUCT_NAME = "$(TARGET_NAME)";
				SWIFT_VERSION = 5.0;
				TARGETED_DEVICE_FAMILY = "1,2";
				TEST_TARGET_NAME = "MVVM-RxSwiftDemo";
			};
			name = Debug;
		};
		3F535BBF22F048AB00F06EE9 /* Release */ = {
			isa = XCBuildConfiguration;
			baseConfigurationReference = FB42E08F68AC7CCF5A3B2474 /* Pods-MVVM-RxSwiftDemoUITests.release.xcconfig */;
			buildSettings = {
				ALWAYS_EMBED_SWIFT_STANDARD_LIBRARIES = YES;
				CODE_SIGN_STYLE = Automatic;
				INFOPLIST_FILE = "MVVM-RxSwiftDemoUITests/Info.plist";
				LD_RUNPATH_SEARCH_PATHS = (
					"$(inherited)",
					"@executable_path/Frameworks",
					"@loader_path/Frameworks",
				);
				PRODUCT_BUNDLE_IDENTIFIER = "tin.MVVM-RxSwiftDemoUITests";
				PRODUCT_NAME = "$(TARGET_NAME)";
				SWIFT_VERSION = 5.0;
				TARGETED_DEVICE_FAMILY = "1,2";
				TEST_TARGET_NAME = "MVVM-RxSwiftDemo";
			};
			name = Release;
		};
/* End XCBuildConfiguration section */

/* Begin XCConfigurationList section */
		3F535B8A22F048A900F06EE9 /* Build configuration list for PBXProject "MVVM-RxSwiftDemo" */ = {
			isa = XCConfigurationList;
			buildConfigurations = (
				3F535BB522F048AB00F06EE9 /* Debug */,
				3F535BB622F048AB00F06EE9 /* Release */,
			);
			defaultConfigurationIsVisible = 0;
			defaultConfigurationName = Release;
		};
		3F535BB722F048AB00F06EE9 /* Build configuration list for PBXNativeTarget "MVVM-RxSwiftDemo" */ = {
			isa = XCConfigurationList;
			buildConfigurations = (
				3F535BB822F048AB00F06EE9 /* Debug */,
				3F535BB922F048AB00F06EE9 /* Release */,
			);
			defaultConfigurationIsVisible = 0;
			defaultConfigurationName = Release;
		};
		3F535BBA22F048AB00F06EE9 /* Build configuration list for PBXNativeTarget "MVVM-RxSwiftDemoTests" */ = {
			isa = XCConfigurationList;
			buildConfigurations = (
				3F535BBB22F048AB00F06EE9 /* Debug */,
				3F535BBC22F048AB00F06EE9 /* Release */,
			);
			defaultConfigurationIsVisible = 0;
			defaultConfigurationName = Release;
		};
		3F535BBD22F048AB00F06EE9 /* Build configuration list for PBXNativeTarget "MVVM-RxSwiftDemoUITests" */ = {
			isa = XCConfigurationList;
			buildConfigurations = (
				3F535BBE22F048AB00F06EE9 /* Debug */,
				3F535BBF22F048AB00F06EE9 /* Release */,
			);
			defaultConfigurationIsVisible = 0;
			defaultConfigurationName = Release;
		};
/* End XCConfigurationList section */
	};
	rootObject = 3F535B8722F048A900F06EE9 /* Project object */;
}
